
Microsoft Visual Studio Solution File, Format Version 12.00
# Visual Studio Version 16
VisualStudioVersion = 25.0.1706.6
MinimumVisualStudioVersion = 10.0.40219.1
Project("{FAE04EC0-301F-11D3-BF4B-00C04F79EFBC}") = "api", "api.csproj", "{49D49BEC-8CA5-48D3-B92F-5602BF0E8C76}"
EndProject
Global
	GlobalSection(SolutionConfigurationPlatforms) = preSolution
		Debug|Any CPU = Debug|Any CPU
		Release|Any CPU = Release|Any CPU
	EndGlobalSection
	GlobalSection(ProjectConfigurationPlatforms) = postSolution
		{49D49BEC-8CA5-48D3-B92F-5602BF0E8C76}.Debug|Any CPU.ActiveCfg = Debug|Any CPU
		{49D49BEC-8CA5-48D3-B92F-5602BF0E8C76}.Debug|Any CPU.Build.0 = Debug|Any CPU
		{49D49BEC-8CA5-48D3-B92F-5602BF0E8C76}.Release|Any CPU.ActiveCfg = Release|Any CPU
		{49D49BEC-8CA5-48D3-B92F-5602BF0E8C76}.Release|Any CPU.Build.0 = Release|Any CPU
	EndGlobalSection
	GlobalSection(SolutionProperties) = preSolution
		HideSolutionNode = FALSE
	EndGlobalSection
	GlobalSection(ExtensibilityGlobals) = postSolution
		SolutionGuid = {F81321DC-2F58-40CD-8EE1-AADCD236BA1B}
	EndGlobalSection
EndGlobal
